# THIS IS AN AUTOGENERATED FILE. DO NOT EDIT THIS FILE DIRECTLY.
# yarn lockfile v1


coffeescript@^2.4.0:
  version "2.4.0"
  resolved "https://registry.yarnpkg.com/coffeescript/-/coffeescript-2.4.0.tgz#6b754113ec488f73aa501bee30f2c05ee12c7213"
  integrity sha512-VIAMBUX0vrQwCr9nSbQ63G1j0Ys8wGZg5x5jXRcRodm6b07TIFLaVe1QvPS9Qk/m1uwPcAZn8kJMf4aXhScBxQ==
